// !$*UTF8*$!
{
	archiveVersion = 1;
	classes = {
	};
	objectVersion = 50;
	objects = {

/* Begin PBXBuildFile section */
		0112774E2182084500D57966 /* UIViewExt.swift in Sources */ = {isa = PBXBuildFile; fileRef = 0112774D2182084500D57966 /* UIViewExt.swift */; };
		0112775021820EFD00D57966 /* UIButtonExt.swift in Sources */ = {isa = PBXBuildFile; fileRef = 0112774F21820EFD00D57966 /* UIButtonExt.swift */; };
		0125964B21811ED2002E3C53 /* GoalType.swift in Sources */ = {isa = PBXBuildFile; fileRef = 0125964A21811ED2002E3C53 /* GoalType.swift */; };
		0125964D218129B4002E3C53 /* CreateGoalVC.swift in Sources */ = {isa = PBXBuildFile; fileRef = 0125964C218129B4002E3C53 /* CreateGoalVC.swift */; };
		0125964F21812CBF002E3C53 /* UIViewControllerExt.swift in Sources */ = {isa = PBXBuildFile; fileRef = 0125964E21812CBF002E3C53 /* UIViewControllerExt.swift */; };
		01566BE92180BD52002CFB80 /* AppDelegate.swift in Sources */ = {isa = PBXBuildFile; fileRef = 01566BE82180BD52002CFB80 /* AppDelegate.swift */; };
		01566BEB2180BD52002CFB80 /* GoalsVC.swift in Sources */ = {isa = PBXBuildFile; fileRef = 01566BEA2180BD52002CFB80 /* GoalsVC.swift */; };
		01566BEE2180BD52002CFB80 /* Main.storyboard in Resources */ = {isa = PBXBuildFile; fileRef = 01566BEC2180BD52002CFB80 /* Main.storyboard */; };
		01566BF12180BD52002CFB80 /* GoalPost.xcdatamodeld in Sources */ = {isa = PBXBuildFile; fileRef = 01566BEF2180BD52002CFB80 /* GoalPost.xcdatamodeld */; };
		01566BF32180BD53002CFB80 /* Assets.xcassets in Resources */ = {isa = PBXBuildFile; fileRef = 01566BF22180BD53002CFB80 /* Assets.xcassets */; };
		01566BF62180BD53002CFB80 /* LaunchScreen.storyboard in Resources */ = {isa = PBXBuildFile; fileRef = 01566BF42180BD53002CFB80 /* LaunchScreen.storyboard */; };
		01566C032180D038002CFB80 /* GoalCell.swift in Sources */ = {isa = PBXBuildFile; fileRef = 01566C022180D038002CFB80 /* GoalCell.swift */; };
/* End PBXBuildFile section */

/* Begin PBXFileReference section */
		0112774D2182084500D57966 /* UIViewExt.swift */ = {isa = PBXFileReference; lastKnownFileType = sourcecode.swift; path = UIViewExt.swift; sourceTree = "<group>"; };
		0112774F21820EFD00D57966 /* UIButtonExt.swift */ = {isa = PBXFileReference; lastKnownFileType = sourcecode.swift; path = UIButtonExt.swift; sourceTree = "<group>"; };
		0125964A21811ED2002E3C53 /* GoalType.swift */ = {isa = PBXFileReference; lastKnownFileType = sourcecode.swift; path = GoalType.swift; sourceTree = "<group>"; };
		0125964C218129B4002E3C53 /* CreateGoalVC.swift */ = {isa = PBXFileReference; lastKnownFileType = sourcecode.swift; path = CreateGoalVC.swift; sourceTree = "<group>"; };
		0125964E21812CBF002E3C53 /* UIViewControllerExt.swift */ = {isa = PBXFileReference; lastKnownFileType = sourcecode.swift; path = UIViewControllerExt.swift; sourceTree = "<group>"; };
		01566BE52180BD52002CFB80 /* GoalPost.app */ = {isa = PBXFileReference; explicitFileType = wrapper.application; includeInIndex = 0; path = GoalPost.app; sourceTree = BUILT_PRODUCTS_DIR; };
		01566BE82180BD52002CFB80 /* AppDelegate.swift */ = {isa = PBXFileReference; lastKnownFileType = sourcecode.swift; path = AppDelegate.swift; sourceTree = "<group>"; };
		01566BEA2180BD52002CFB80 /* GoalsVC.swift */ = {isa = PBXFileReference; lastKnownFileType = sourcecode.swift; path = GoalsVC.swift; sourceTree = "<group>"; };
		01566BED2180BD52002CFB80 /* Base */ = {isa = PBXFileReference; lastKnownFileType = file.storyboard; name = Base; path = Base.lproj/Main.storyboard; sourceTree = "<group>"; };
		01566BF02180BD52002CFB80 /* GoalPost.xcdatamodel */ = {isa = PBXFileReference; lastKnownFileType = wrapper.xcdatamodel; path = GoalPost.xcdatamodel; sourceTree = "<group>"; };
		01566BF22180BD53002CFB80 /* Assets.xcassets */ = {isa = PBXFileReference; lastKnownFileType = folder.assetcatalog; path = Assets.xcassets; sourceTree = "<group>"; };
		01566BF52180BD53002CFB80 /* Base */ = {isa = PBXFileReference; lastKnownFileType = file.storyboard; name = Base; path = Base.lproj/LaunchScreen.storyboard; sourceTree = "<group>"; };
		01566BF72180BD53002CFB80 /* Info.plist */ = {isa = PBXFileReference; lastKnownFileType = text.plist.xml; path = Info.plist; sourceTree = "<group>"; };
		01566C022180D038002CFB80 /* GoalCell.swift */ = {isa = PBXFileReference; lastKnownFileType = sourcecode.swift; path = GoalCell.swift; sourceTree = "<group>"; };
/* End PBXFileReference section */

/* Begin PBXFrameworksBuildPhase section */
		01566BE22180BD52002CFB80 /* Frameworks */ = {
			isa = PBXFrameworksBuildPhase;
			buildActionMask = 2147483647;
			files = (
			);
			runOnlyForDeploymentPostprocessing = 0;
		};
/* End PBXFrameworksBuildPhase section */

/* Begin PBXGroup section */
		01566BDC2180BD52002CFB80 = {
			isa = PBXGroup;
			children = (
				01566BE72180BD52002CFB80 /* GoalPost */,
				01566BE62180BD52002CFB80 /* Products */,
			);
			sourceTree = "<group>";
		};
		01566BE62180BD52002CFB80 /* Products */ = {
			isa = PBXGroup;
			children = (
				01566BE52180BD52002CFB80 /* GoalPost.app */,
			);
			name = Products;
			sourceTree = "<group>";
		};
		01566BE72180BD52002CFB80 /* GoalPost */ = {
			isa = PBXGroup;
			children = (
				01566C012180BE32002CFB80 /* Extensions */,
				01566C002180BE28002CFB80 /* Enums */,
				01566BFE2180BDD9002CFB80 /* View */,
				01566BFD2180BDCF002CFB80 /* Controller */,
				01566BE82180BD52002CFB80 /* AppDelegate.swift */,
				01566BEC2180BD52002CFB80 /* Main.storyboard */,
				01566BF22180BD53002CFB80 /* Assets.xcassets */,
				01566BF42180BD53002CFB80 /* LaunchScreen.storyboard */,
				01566BF72180BD53002CFB80 /* Info.plist */,
				01566BEF2180BD52002CFB80 /* GoalPost.xcdatamodeld */,
			);
			path = GoalPost;
			sourceTree = "<group>";
		};
		01566BFD2180BDCF002CFB80 /* Controller */ = {
			isa = PBXGroup;
			children = (
				01566BEA2180BD52002CFB80 /* GoalsVC.swift */,
				0125964C218129B4002E3C53 /* CreateGoalVC.swift */,
			);
			path = Controller;
			sourceTree = "<group>";
		};
		01566BFE2180BDD9002CFB80 /* View */ = {
			isa = PBXGroup;
			children = (
				01566C022180D038002CFB80 /* GoalCell.swift */,
			);
			path = View;
			sourceTree = "<group>";
		};
		01566C002180BE28002CFB80 /* Enums */ = {
			isa = PBXGroup;
			children = (
				0125964A21811ED2002E3C53 /* GoalType.swift */,
			);
			path = Enums;
			sourceTree = "<group>";
		};
		01566C012180BE32002CFB80 /* Extensions */ = {
			isa = PBXGroup;
			children = (
				0125964E21812CBF002E3C53 /* UIViewControllerExt.swift */,
				0112774D2182084500D57966 /* UIViewExt.swift */,
				0112774F21820EFD00D57966 /* UIButtonExt.swift */,
			);
			path = Extensions;
			sourceTree = "<group>";
		};
/* End PBXGroup section */

/* Begin PBXNativeTarget section */
		01566BE42180BD52002CFB80 /* GoalPost */ = {
			isa = PBXNativeTarget;
			buildConfigurationList = 01566BFA2180BD53002CFB80 /* Build configuration list for PBXNativeTarget "GoalPost" */;
			buildPhases = (
				01566BE12180BD52002CFB80 /* Sources */,
				01566BE22180BD52002CFB80 /* Frameworks */,
				01566BE32180BD52002CFB80 /* Resources */,
			);
			buildRules = (
			);
			dependencies = (
			);
			name = GoalPost;
			productName = GoalPost;
			productReference = 01566BE52180BD52002CFB80 /* GoalPost.app */;
			productType = "com.apple.product-type.application";
		};
/* End PBXNativeTarget section */

/* Begin PBXProject section */
		01566BDD2180BD52002CFB80 /* Project object */ = {
			isa = PBXProject;
			attributes = {
				LastSwiftUpdateCheck = 1000;
				LastUpgradeCheck = 1000;
				ORGANIZATIONNAME = "Burcin Software";
				TargetAttributes = {
					01566BE42180BD52002CFB80 = {
						CreatedOnToolsVersion = 10.0;
					};
				};
			};
			buildConfigurationList = 01566BE02180BD52002CFB80 /* Build configuration list for PBXProject "GoalPost" */;
			compatibilityVersion = "Xcode 9.3";
			developmentRegion = en;
			hasScannedForEncodings = 0;
			knownRegions = (
				en,
				Base,
			);
			mainGroup = 01566BDC2180BD52002CFB80;
			productRefGroup = 01566BE62180BD52002CFB80 /* Products */;
			projectDirPath = "";
			projectRoot = "";
			targets = (
				01566BE42180BD52002CFB80 /* GoalPost */,
			);
		};
/* End PBXProject section */

/* Begin PBXResourcesBuildPhase section */
		01566BE32180BD52002CFB80 /* Resources */ = {
			isa = PBXResourcesBuildPhase;
			buildActionMask = 2147483647;
			files = (
				01566BF62180BD53002CFB80 /* LaunchScreen.storyboard in Resources */,
				01566BF32180BD53002CFB80 /* Assets.xcassets in Resources */,
				01566BEE2180BD52002CFB80 /* Main.storyboard in Resources */,
			);
			runOnlyForDeploymentPostprocessing = 0;
		};
/* End PBXResourcesBuildPhase section */

/* Begin PBXSourcesBuildPhase section */
		01566BE12180BD52002CFB80 /* Sources */ = {
			isa = PBXSourcesBuildPhase;
			buildActionMask = 2147483647;
			files = (
				01566C032180D038002CFB80 /* GoalCell.swift in Sources */,
				0125964D218129B4002E3C53 /* CreateGoalVC.swift in Sources */,
				0125964B21811ED2002E3C53 /* GoalType.swift in Sources */,
				01566BEB2180BD52002CFB80 /* GoalsVC.swift in Sources */,
				0112774E2182084500D57966 /* UIViewExt.swift in Sources */,
				01566BE92180BD52002CFB80 /* AppDelegate.swift in Sources */,
				0125964F21812CBF002E3C53 /* UIViewControllerExt.swift in Sources */,
				0112775021820EFD00D57966 /* UIButtonExt.swift in Sources */,
				01566BF12180BD52002CFB80 /* GoalPost.xcdatamodeld in Sources */,
			);
			runOnlyForDeploymentPostprocessing = 0;
		};
/* End PBXSourcesBuildPhase section */

/* Begin PBXVariantGroup section */
		01566BEC2180BD52002CFB80 /* Main.storyboard */ = {
			isa = PBXVariantGroup;
			children = (
				01566BED2180BD52002CFB80 /* Base */,
			);
			name = Main.storyboard;
			sourceTree = "<group>";
		};
		01566BF42180BD53002CFB80 /* LaunchScreen.storyboard */ = {
			isa = PBXVariantGroup;
			children = (
				01566BF52180BD53002CFB80 /* Base */,
			);
			name = LaunchScreen.storyboard;
			sourceTree = "<group>";
		};
/* End PBXVariantGroup section */

/* Begin XCBuildConfiguration section */
		01566BF82180BD53002CFB80 /* Debug */ = {
			isa = XCBuildConfiguration;
			buildSettings = {
				ALWAYS_SEARCH_USER_PATHS = NO;
				CLANG_ANALYZER_NONNULL = YES;
				CLANG_ANALYZER_NUMBER_OBJECT_CONVERSION = YES_AGGRESSIVE;
				CLANG_CXX_LANGUAGE_STANDARD = "gnu++14";
				CLANG_CXX_LIBRARY = "libc++";
				CLANG_ENABLE_MODULES = YES;
				CLANG_ENABLE_OBJC_ARC = YES;
				CLANG_ENABLE_OBJC_WEAK = YES;
				CLANG_WARN_BLOCK_CAPTURE_AUTORELEASING = YES;
				CLANG_WARN_BOOL_CONVERSION = YES;
				CLANG_WARN_COMMA = YES;
				CLANG_WARN_CONSTANT_CONVERSION = YES;
				CLANG_WARN_DEPRECATED_OBJC_IMPLEMENTATIONS = YES;
				CLANG_WARN_DIRECT_OBJC_ISA_USAGE = YES_ERROR;
				CLANG_WARN_DOCUMENTATION_COMMENTS = YES;
				CLANG_WARN_EMPTY_BODY = YES;
				CLANG_WARN_ENUM_CONVERSION = YES;
				CLANG_WARN_INFINITE_RECURSION = YES;
				CLANG_WARN_INT_CONVERSION = YES;
				CLANG_WARN_NON_LITERAL_NULL_CONVERSION = YES;
				CLANG_WARN_OBJC_IMPLICIT_RETAIN_SELF = YES;
				CLANG_WARN_OBJC_LITERAL_CONVERSION = YES;
				CLANG_WARN_OBJC_ROOT_CLASS = YES_ERROR;
				CLANG_WARN_RANGE_LOOP_ANALYSIS = YES;
				CLANG_WARN_STRICT_PROTOTYPES = YES;
				CLANG_WARN_SUSPICIOUS_MOVE = YES;
				CLANG_WARN_UNGUARDED_AVAILABILITY = YES_AGGRESSIVE;
				CLANG_WARN_UNREACHABLE_CODE = YES;
				CLANG_WARN__DUPLICATE_METHOD_MATCH = YES;
				CODE_SIGN_IDENTITY = "iPhone Developer";
				COPY_PHASE_STRIP = NO;
				DEBUG_INFORMATION_FORMAT = dwarf;
				ENABLE_STRICT_OBJC_MSGSEND = YES;
				ENABLE_TESTABILITY = YES;
				GCC_C_LANGUAGE_STANDARD = gnu11;
				GCC_DYNAMIC_NO_PIC = NO;
				GCC_NO_COMMON_BLOCKS = YES;
				GCC_OPTIMIZATION_LEVEL = 0;
				GCC_PREPROCESSOR_DEFINITIONS = (
					"DEBUG=1",
					"$(inherited)",
				);
				GCC_WARN_64_TO_32_BIT_CONVERSION = YES;
				GCC_WARN_ABOUT_RETURN_TYPE = YES_ERROR;
				GCC_WARN_UNDECLARED_SELECTOR = YES;
				GCC_WARN_UNINITIALIZED_AUTOS = YES_AGGRESSIVE;
				GCC_WARN_UNUSED_FUNCTION = YES;
				GCC_WARN_UNUSED_VARIABLE = YES;
				IPHONEOS_DEPLOYMENT_TARGET = 12.0;
				MTL_ENABLE_DEBUG_INFO = INCLUDE_SOURCE;
				MTL_FAST_MATH = YES;
				ONLY_ACTIVE_ARCH = YES;
				SDKROOT = iphoneos;
				SWIFT_ACTIVE_COMPILATION_CONDITIONS = DEBUG;
				SWIFT_OPTIMIZATION_LEVEL = "-Onone";
			};
			name = Debug;
		};
		01566BF92180BD53002CFB80 /* Release */ = {
			isa = XCBuildConfiguration;
			buildSettings = {
				ALWAYS_SEARCH_USER_PATHS = NO;
				CLANG_ANALYZER_NONNULL = YES;
				CLANG_ANALYZER_NUMBER_OBJECT_CONVERSION = YES_AGGRESSIVE;
				CLANG_CXX_LANGUAGE_STANDARD = "gnu++14";
				CLANG_CXX_LIBRARY = "libc++";
				CLANG_ENABLE_MODULES = YES;
				CLANG_ENABLE_OBJC_ARC = YES;
				CLANG_ENABLE_OBJC_WEAK = YES;
				CLANG_WARN_BLOCK_CAPTURE_AUTORELEASING = YES;
				CLANG_WARN_BOOL_CONVERSION = YES;
				CLANG_WARN_COMMA = YES;
				CLANG_WARN_CONSTANT_CONVERSION = YES;
				CLANG_WARN_DEPRECATED_OBJC_IMPLEMENTATIONS = YES;
				CLANG_WARN_DIRECT_OBJC_ISA_USAGE = YES_ERROR;
				CLANG_WARN_DOCUMENTATION_COMMENTS = YES;
				CLANG_WARN_EMPTY_BODY = YES;
				CLANG_WARN_ENUM_CONVERSION = YES;
				CLANG_WARN_INFINITE_RECURSION = YES;
				CLANG_WARN_INT_CONVERSION = YES;
				CLANG_WARN_NON_LITERAL_NULL_CONVERSION = YES;
				CLANG_WARN_OBJC_IMPLICIT_RETAIN_SELF = YES;
				CLANG_WARN_OBJC_LITERAL_CONVERSION = YES;
				CLANG_WARN_OBJC_ROOT_CLASS = YES_ERROR;
				CLANG_WARN_RANGE_LOOP_ANALYSIS = YES;
				CLANG_WARN_STRICT_PROTOTYPES = YES;
				CLANG_WARN_SUSPICIOUS_MOVE = YES;
				CLANG_WARN_UNGUARDED_AVAILABILITY = YES_AGGRESSIVE;
				CLANG_WARN_UNREACHABLE_CODE = YES;
				CLANG_WARN__DUPLICATE_METHOD_MATCH = YES;
				CODE_SIGN_IDENTITY = "iPhone Developer";
				COPY_PHASE_STRIP = NO;
				DEBUG_INFORMATION_FORMAT = "dwarf-with-dsym";
				ENABLE_NS_ASSERTIONS = NO;
				ENABLE_STRICT_OBJC_MSGSEND = YES;
				GCC_C_LANGUAGE_STANDARD = gnu11;
				GCC_NO_COMMON_BLOCKS = YES;
				GCC_WARN_64_TO_32_BIT_CONVERSION = YES;
				GCC_WARN_ABOUT_RETURN_TYPE = YES_ERROR;
				GCC_WARN_UNDECLARED_SELECTOR = YES;
				GCC_WARN_UNINITIALIZED_AUTOS = YES_AGGRESSIVE;
				GCC_WARN_UNUSED_FUNCTION = YES;
				GCC_WARN_UNUSED_VARIABLE = YES;
				IPHONEOS_DEPLOYMENT_TARGET = 12.0;
				MTL_ENABLE_DEBUG_INFO = NO;
				MTL_FAST_MATH = YES;
				SDKROOT = iphoneos;
				SWIFT_COMPILATION_MODE = wholemodule;
				SWIFT_OPTIMIZATION_LEVEL = "-O";
				VALIDATE_PRODUCT = YES;
			};
			name = Release;
		};
		01566BFB2180BD53002CFB80 /* Debug */ = {
			isa = XCBuildConfiguration;
			buildSettings = {
				ASSETCATALOG_COMPILER_APPICON_NAME = AppIcon;
				CODE_SIGN_STYLE = Automatic;
				DEVELOPMENT_TEAM = 4TVTS2KH2Z;
				INFOPLIST_FILE = GoalPost/Info.plist;
				LD_RUNPATH_SEARCH_PATHS = (
					"$(inherited)",
					"@executable_path/Frameworks",
				);
				PRODUCT_BUNDLE_IDENTIFIER = com.burcin.GoalPost;
				PRODUCT_NAME = "$(TARGET_NAME)";
				SWIFT_VERSION = 4.2;
				TARGETED_DEVICE_FAMILY = 1;
			};
			name = Debug;
		};
		01566BFC2180BD53002CFB80 /* Release */ = {
			isa = XCBuildConfiguration;
			buildSettings = {
				ASSETCATALOG_COMPILER_APPICON_NAME = AppIcon;
				CODE_SIGN_STYLE = Automatic;
				DEVELOPMENT_TEAM = 4TVTS2KH2Z;
				INFOPLIST_FILE = GoalPost/Info.plist;
				LD_RUNPATH_SEARCH_PATHS = (
					"$(inherited)",
					"@executable_path/Frameworks",
				);
				PRODUCT_BUNDLE_IDENTIFIER = com.burcin.GoalPost;
				PRODUCT_NAME = "$(TARGET_NAME)";
				SWIFT_VERSION = 4.2;
				TARGETED_DEVICE_FAMILY = 1;
			};
			name = Release;
		};
/* End XCBuildConfiguration section */

/* Begin XCConfigurationList section */
		01566BE02180BD52002CFB80 /* Build configuration list for PBXProject "GoalPost" */ = {
			isa = XCConfigurationList;
			buildConfigurations = (
				01566BF82180BD53002CFB80 /* Debug */,
				01566BF92180BD53002CFB80 /* Release */,
			);
			defaultConfigurationIsVisible = 0;
			defaultConfigurationName = Release;
		};
		01566BFA2180BD53002CFB80 /* Build configuration list for PBXNativeTarget "GoalPost" */ = {
			isa = XCConfigurationList;
			buildConfigurations = (
				01566BFB2180BD53002CFB80 /* Debug */,
				01566BFC2180BD53002CFB80 /* Release */,
			);
			defaultConfigurationIsVisible = 0;
			defaultConfigurationName = Release;
		};
/* End XCConfigurationList section */

/* Begin XCVersionGroup section */
		01566BEF2180BD52002CFB80 /* GoalPost.xcdatamodeld */ = {
			isa = XCVersionGroup;
			children = (
				01566BF02180BD52002CFB80 /* GoalPost.xcdatamodel */,
			);
			currentVersion = 01566BF02180BD52002CFB80 /* GoalPost.xcdatamodel */;
			path = GoalPost.xcdatamodeld;
			sourceTree = "<group>";
			versionGroupType = wrapper.xcdatamodel;
		};
/* End XCVersionGroup section */
	};
	rootObject = 01566BDD2180BD52002CFB80 /* Project object */;
}
